
Microsoft Visual Studio Solution File, Format Version 12.00
# Visual Studio Version 17
VisualStudioVersion = 17.0.31903.59
MinimumVisualStudioVersion = 10.0.40219.1
Project("{FAE04EC0-301F-11D3-BF4B-00C04F79EFBC}") = "Juspay", "..\Juspay\Juspay.csproj", "{18533E33-2649-42A7-8766-DE3FF47FDA92}"
EndProject
Project("{FAE04EC0-301F-11D3-BF4B-00C04F79EFBC}") = "JuspayService.Tests", "JuspayService.Tests\JuspayService.Tests.csproj", "{8E1FAD99-4A1B-44DB-B012-0E103A257062}"
EndProject
Global
	GlobalSection(SolutionConfigurationPlatforms) = preSolution
		Debug|Any CPU = Debug|Any CPU
		Release|Any CPU = Release|Any CPU
	EndGlobalSection
	GlobalSection(SolutionProperties) = preSolution
		HideSolutionNode = FALSE
	EndGlobalSection
	GlobalSection(ProjectConfigurationPlatforms) = postSolution
		{18533E33-2649-42A7-8766-DE3FF47FDA92}.Debug|Any CPU.ActiveCfg = Debug|Any CPU
		{18533E33-2649-42A7-8766-DE3FF47FDA92}.Debug|Any CPU.Build.0 = Debug|Any CPU
		{18533E33-2649-42A7-8766-DE3FF47FDA92}.Release|Any CPU.ActiveCfg = Release|Any CPU
		{18533E33-2649-42A7-8766-DE3FF47FDA92}.Release|Any CPU.Build.0 = Release|Any CPU
		{8E1FAD99-4A1B-44DB-B012-0E103A257062}.Debug|Any CPU.ActiveCfg = Debug|Any CPU
		{8E1FAD99-4A1B-44DB-B012-0E103A257062}.Debug|Any CPU.Build.0 = Debug|Any CPU
		{8E1FAD99-4A1B-44DB-B012-0E103A257062}.Release|Any CPU.ActiveCfg = Release|Any CPU
		{8E1FAD99-4A1B-44DB-B012-0E103A257062}.Release|Any CPU.Build.0 = Release|Any CPU
	EndGlobalSection
EndGlobal
